
Microsoft Visual Studio Solution File, Format Version 12.00
# Visual Studio Version 16
VisualStudioVersion = 16.0.30717.126
MinimumVisualStudioVersion = 10.0.40219.1
Project("{FAE04EC0-301F-11D3-BF4B-00C04F79EFBC}") = "FillSpiralMatrix", "FillSpiralMatrix.csproj", "{4B5E436C-DF38-4093-A131-58A1759D946B}"
EndProject
Global
	GlobalSection(SolutionConfigurationPlatforms) = preSolution
		Debug|Any CPU = Debug|Any CPU
		Release|Any CPU = Release|Any CPU
	EndGlobalSection
	GlobalSection(ProjectConfigurationPlatforms) = postSolution
		{4B5E436C-DF38-4093-A131-58A1759D946B}.Debug|Any CPU.ActiveCfg = Debug|Any CPU
		{4B5E436C-DF38-4093-A131-58A1759D946B}.Debug|Any CPU.Build.0 = Debug|Any CPU
		{4B5E436C-DF38-4093-A131-58A1759D946B}.Release|Any CPU.ActiveCfg = Release|Any CPU
		{4B5E436C-DF38-4093-A131-58A1759D946B}.Release|Any CPU.Build.0 = Release|Any CPU
	EndGlobalSection
	GlobalSection(SolutionProperties) = preSolution
		HideSolutionNode = FALSE
	EndGlobalSection
	GlobalSection(ExtensibilityGlobals) = postSolution
		SolutionGuid = {25C09E06-C508-481D-89E2-EF3CF6D007C0}
	EndGlobalSection
EndGlobal
