
Microsoft Visual Studio Solution File, Format Version 12.00
# Visual Studio Version 16
VisualStudioVersion = 16.0.30717.126
MinimumVisualStudioVersion = 10.0.40219.1
Project("{FAE04EC0-301F-11D3-BF4B-00C04F79EFBC}") = "01.Problem1", "01.Problem1\01.Problem1.csproj", "{A0DC7AD6-7B1A-4DF6-A685-11AFF9350580}"
EndProject
Project("{FAE04EC0-301F-11D3-BF4B-00C04F79EFBC}") = "02.Problem2", "02.Problem2\02.Problem2.csproj", "{1DEB1D1D-CC85-4D59-8F73-CA3930B3D613}"
EndProject
Project("{FAE04EC0-301F-11D3-BF4B-00C04F79EFBC}") = "03.Problem3", "03.Problem3\03.Problem3.csproj", "{0105CDBC-6F17-4BD9-9FB8-093A05745E65}"
EndProject
Global
	GlobalSection(SolutionConfigurationPlatforms) = preSolution
		Debug|Any CPU = Debug|Any CPU
		Release|Any CPU = Release|Any CPU
	EndGlobalSection
	GlobalSection(ProjectConfigurationPlatforms) = postSolution
		{A0DC7AD6-7B1A-4DF6-A685-11AFF9350580}.Debug|Any CPU.ActiveCfg = Debug|Any CPU
		{A0DC7AD6-7B1A-4DF6-A685-11AFF9350580}.Debug|Any CPU.Build.0 = Debug|Any CPU
		{A0DC7AD6-7B1A-4DF6-A685-11AFF9350580}.Release|Any CPU.ActiveCfg = Release|Any CPU
		{A0DC7AD6-7B1A-4DF6-A685-11AFF9350580}.Release|Any CPU.Build.0 = Release|Any CPU
		{1DEB1D1D-CC85-4D59-8F73-CA3930B3D613}.Debug|Any CPU.ActiveCfg = Debug|Any CPU
		{1DEB1D1D-CC85-4D59-8F73-CA3930B3D613}.Debug|Any CPU.Build.0 = Debug|Any CPU
		{1DEB1D1D-CC85-4D59-8F73-CA3930B3D613}.Release|Any CPU.ActiveCfg = Release|Any CPU
		{1DEB1D1D-CC85-4D59-8F73-CA3930B3D613}.Release|Any CPU.Build.0 = Release|Any CPU
		{0105CDBC-6F17-4BD9-9FB8-093A05745E65}.Debug|Any CPU.ActiveCfg = Debug|Any CPU
		{0105CDBC-6F17-4BD9-9FB8-093A05745E65}.Debug|Any CPU.Build.0 = Debug|Any CPU
		{0105CDBC-6F17-4BD9-9FB8-093A05745E65}.Release|Any CPU.ActiveCfg = Release|Any CPU
		{0105CDBC-6F17-4BD9-9FB8-093A05745E65}.Release|Any CPU.Build.0 = Release|Any CPU
	EndGlobalSection
	GlobalSection(SolutionProperties) = preSolution
		HideSolutionNode = FALSE
	EndGlobalSection
	GlobalSection(ExtensibilityGlobals) = postSolution
		SolutionGuid = {406A38DC-8112-4F82-BAB8-D9E5A9357362}
	EndGlobalSection
EndGlobal
