
Microsoft Visual Studio Solution File, Format Version 12.00
# Visual Studio Version 16
VisualStudioVersion = 16.0.30717.126
MinimumVisualStudioVersion = 10.0.40219.1
Project("{FAE04EC0-301F-11D3-BF4B-00C04F79EFBC}") = "IteratorsAndComparators", "Library\IteratorsAndComparators.csproj", "{8510D659-9F52-4A2E-BC15-FA2C46EEF4DA}"
EndProject
Global
	GlobalSection(SolutionConfigurationPlatforms) = preSolution
		Debug|Any CPU = Debug|Any CPU
		Release|Any CPU = Release|Any CPU
	EndGlobalSection
	GlobalSection(ProjectConfigurationPlatforms) = postSolution
		{8510D659-9F52-4A2E-BC15-FA2C46EEF4DA}.Debug|Any CPU.ActiveCfg = Debug|Any CPU
		{8510D659-9F52-4A2E-BC15-FA2C46EEF4DA}.Debug|Any CPU.Build.0 = Debug|Any CPU
		{8510D659-9F52-4A2E-BC15-FA2C46EEF4DA}.Release|Any CPU.ActiveCfg = Release|Any CPU
		{8510D659-9F52-4A2E-BC15-FA2C46EEF4DA}.Release|Any CPU.Build.0 = Release|Any CPU
	EndGlobalSection
	GlobalSection(SolutionProperties) = preSolution
		HideSolutionNode = FALSE
	EndGlobalSection
	GlobalSection(ExtensibilityGlobals) = postSolution
		SolutionGuid = {221787C8-8D7D-4ED6-A751-DC2B23B59BC3}
	EndGlobalSection
EndGlobal
