
Microsoft Visual Studio Solution File, Format Version 12.00
# Visual Studio Version 16
VisualStudioVersion = 16.0.30503.244
MinimumVisualStudioVersion = 10.0.40219.1
Project("{9A19103F-16F7-4668-BE54-9A1E7A4F7556}") = "05.01.Train", "05.01.Train\05.01.Train.csproj", "{E4DBF85C-BC84-4843-BD06-AF595C1AEDBF}"
EndProject
Project("{9A19103F-16F7-4668-BE54-9A1E7A4F7556}") = "05.02.ChangeList", "05.02.ChangeList\05.02.ChangeList.csproj", "{7CD99B88-796C-499E-A6CE-A2C2451CF5BF}"
EndProject
Project("{9A19103F-16F7-4668-BE54-9A1E7A4F7556}") = "05.03.HouseParty", "05.03.HouseParty\05.03.HouseParty.csproj", "{7A4DC5B6-1AE9-4412-BDDC-2A6A860A767E}"
EndProject
Project("{9A19103F-16F7-4668-BE54-9A1E7A4F7556}") = "05.04.ListOperations", "05.04.ListOperations\05.04.ListOperations.csproj", "{E7405121-D797-4A32-A208-90B4417579D6}"
EndProject
Project("{9A19103F-16F7-4668-BE54-9A1E7A4F7556}") = "05.05.BombNumbers", "05.05.BombNumbers\05.05.BombNumbers.csproj", "{CF39BAB6-C1FC-47D1-AC7E-B1142F99E218}"
EndProject
Project("{9A19103F-16F7-4668-BE54-9A1E7A4F7556}") = "05.06.CardsGame", "05.06.CardsGame\05.06.CardsGame.csproj", "{9DE0920C-0AA7-48E2-A22F-270502C944FB}"
EndProject
Project("{9A19103F-16F7-4668-BE54-9A1E7A4F7556}") = "05.07.AppendArrays", "05.07.AppendArrays\05.07.AppendArrays.csproj", "{A5565D0C-E1B1-45B7-B7FA-775042E2D58F}"
EndProject
Project("{9A19103F-16F7-4668-BE54-9A1E7A4F7556}") = "05.08.AnonymousThreat", "05.08.AnonymousThreat\05.08.AnonymousThreat.csproj", "{82644F15-CF01-4D4F-BA70-CF890AE30F05}"
EndProject
Project("{FAE04EC0-301F-11D3-BF4B-00C04F79EFBC}") = "05.09.PokemonDontGo", "05.09.PokemonDontGo\05.09.PokemonDontGo.csproj", "{44AADF85-7B31-4BDD-9C28-21A870606125}"
EndProject
Project("{FAE04EC0-301F-11D3-BF4B-00C04F79EFBC}") = "05.10.SoftUniCoursePlanning", "05.10.SoftUniCoursePlanning\05.10.SoftUniCoursePlanning.csproj", "{0FEA23AD-3BCF-434C-952A-7D260101165D}"
EndProject
Global
	GlobalSection(SolutionConfigurationPlatforms) = preSolution
		Debug|Any CPU = Debug|Any CPU
		Release|Any CPU = Release|Any CPU
	EndGlobalSection
	GlobalSection(ProjectConfigurationPlatforms) = postSolution
		{E4DBF85C-BC84-4843-BD06-AF595C1AEDBF}.Debug|Any CPU.ActiveCfg = Debug|Any CPU
		{E4DBF85C-BC84-4843-BD06-AF595C1AEDBF}.Debug|Any CPU.Build.0 = Debug|Any CPU
		{E4DBF85C-BC84-4843-BD06-AF595C1AEDBF}.Release|Any CPU.ActiveCfg = Release|Any CPU
		{E4DBF85C-BC84-4843-BD06-AF595C1AEDBF}.Release|Any CPU.Build.0 = Release|Any CPU
		{7CD99B88-796C-499E-A6CE-A2C2451CF5BF}.Debug|Any CPU.ActiveCfg = Debug|Any CPU
		{7CD99B88-796C-499E-A6CE-A2C2451CF5BF}.Debug|Any CPU.Build.0 = Debug|Any CPU
		{7CD99B88-796C-499E-A6CE-A2C2451CF5BF}.Release|Any CPU.ActiveCfg = Release|Any CPU
		{7CD99B88-796C-499E-A6CE-A2C2451CF5BF}.Release|Any CPU.Build.0 = Release|Any CPU
		{7A4DC5B6-1AE9-4412-BDDC-2A6A860A767E}.Debug|Any CPU.ActiveCfg = Debug|Any CPU
		{7A4DC5B6-1AE9-4412-BDDC-2A6A860A767E}.Debug|Any CPU.Build.0 = Debug|Any CPU
		{7A4DC5B6-1AE9-4412-BDDC-2A6A860A767E}.Release|Any CPU.ActiveCfg = Release|Any CPU
		{7A4DC5B6-1AE9-4412-BDDC-2A6A860A767E}.Release|Any CPU.Build.0 = Release|Any CPU
		{E7405121-D797-4A32-A208-90B4417579D6}.Debug|Any CPU.ActiveCfg = Debug|Any CPU
		{E7405121-D797-4A32-A208-90B4417579D6}.Debug|Any CPU.Build.0 = Debug|Any CPU
		{E7405121-D797-4A32-A208-90B4417579D6}.Release|Any CPU.ActiveCfg = Release|Any CPU
		{E7405121-D797-4A32-A208-90B4417579D6}.Release|Any CPU.Build.0 = Release|Any CPU
		{CF39BAB6-C1FC-47D1-AC7E-B1142F99E218}.Debug|Any CPU.ActiveCfg = Debug|Any CPU
		{CF39BAB6-C1FC-47D1-AC7E-B1142F99E218}.Debug|Any CPU.Build.0 = Debug|Any CPU
		{CF39BAB6-C1FC-47D1-AC7E-B1142F99E218}.Release|Any CPU.ActiveCfg = Release|Any CPU
		{CF39BAB6-C1FC-47D1-AC7E-B1142F99E218}.Release|Any CPU.Build.0 = Release|Any CPU
		{9DE0920C-0AA7-48E2-A22F-270502C944FB}.Debug|Any CPU.ActiveCfg = Debug|Any CPU
		{9DE0920C-0AA7-48E2-A22F-270502C944FB}.Debug|Any CPU.Build.0 = Debug|Any CPU
		{9DE0920C-0AA7-48E2-A22F-270502C944FB}.Release|Any CPU.ActiveCfg = Release|Any CPU
		{9DE0920C-0AA7-48E2-A22F-270502C944FB}.Release|Any CPU.Build.0 = Release|Any CPU
		{A5565D0C-E1B1-45B7-B7FA-775042E2D58F}.Debug|Any CPU.ActiveCfg = Debug|Any CPU
		{A5565D0C-E1B1-45B7-B7FA-775042E2D58F}.Debug|Any CPU.Build.0 = Debug|Any CPU
		{A5565D0C-E1B1-45B7-B7FA-775042E2D58F}.Release|Any CPU.ActiveCfg = Release|Any CPU
		{A5565D0C-E1B1-45B7-B7FA-775042E2D58F}.Release|Any CPU.Build.0 = Release|Any CPU
		{82644F15-CF01-4D4F-BA70-CF890AE30F05}.Debug|Any CPU.ActiveCfg = Debug|Any CPU
		{82644F15-CF01-4D4F-BA70-CF890AE30F05}.Debug|Any CPU.Build.0 = Debug|Any CPU
		{82644F15-CF01-4D4F-BA70-CF890AE30F05}.Release|Any CPU.ActiveCfg = Release|Any CPU
		{82644F15-CF01-4D4F-BA70-CF890AE30F05}.Release|Any CPU.Build.0 = Release|Any CPU
		{44AADF85-7B31-4BDD-9C28-21A870606125}.Debug|Any CPU.ActiveCfg = Debug|Any CPU
		{44AADF85-7B31-4BDD-9C28-21A870606125}.Debug|Any CPU.Build.0 = Debug|Any CPU
		{44AADF85-7B31-4BDD-9C28-21A870606125}.Release|Any CPU.ActiveCfg = Release|Any CPU
		{44AADF85-7B31-4BDD-9C28-21A870606125}.Release|Any CPU.Build.0 = Release|Any CPU
		{0FEA23AD-3BCF-434C-952A-7D260101165D}.Debug|Any CPU.ActiveCfg = Debug|Any CPU
		{0FEA23AD-3BCF-434C-952A-7D260101165D}.Debug|Any CPU.Build.0 = Debug|Any CPU
		{0FEA23AD-3BCF-434C-952A-7D260101165D}.Release|Any CPU.ActiveCfg = Release|Any CPU
		{0FEA23AD-3BCF-434C-952A-7D260101165D}.Release|Any CPU.Build.0 = Release|Any CPU
	EndGlobalSection
	GlobalSection(SolutionProperties) = preSolution
		HideSolutionNode = FALSE
	EndGlobalSection
	GlobalSection(ExtensibilityGlobals) = postSolution
		SolutionGuid = {DD57E660-96C5-4EA4-A7E6-A5A7B426133D}
	EndGlobalSection
EndGlobal
