
Microsoft Visual Studio Solution File, Format Version 12.00
# Visual Studio Version 16
VisualStudioVersion = 16.0.30503.244
MinimumVisualStudioVersion = 10.0.40219.1
Project("{FAE04EC0-301F-11D3-BF4B-00C04F79EFBC}") = "03.01.Train", "03.01.Train\03.01.Train.csproj", "{B42B120C-034A-4BF6-9FD1-2D84DBBE8765}"
EndProject
Global
	GlobalSection(SolutionConfigurationPlatforms) = preSolution
		Debug|Any CPU = Debug|Any CPU
		Release|Any CPU = Release|Any CPU
	EndGlobalSection
	GlobalSection(ProjectConfigurationPlatforms) = postSolution
		{B42B120C-034A-4BF6-9FD1-2D84DBBE8765}.Debug|Any CPU.ActiveCfg = Debug|Any CPU
		{B42B120C-034A-4BF6-9FD1-2D84DBBE8765}.Debug|Any CPU.Build.0 = Debug|Any CPU
		{B42B120C-034A-4BF6-9FD1-2D84DBBE8765}.Release|Any CPU.ActiveCfg = Release|Any CPU
		{B42B120C-034A-4BF6-9FD1-2D84DBBE8765}.Release|Any CPU.Build.0 = Release|Any CPU
	EndGlobalSection
	GlobalSection(SolutionProperties) = preSolution
		HideSolutionNode = FALSE
	EndGlobalSection
	GlobalSection(ExtensibilityGlobals) = postSolution
		SolutionGuid = {1A035F0A-FE24-4226-A32A-44A12B9D4ACE}
	EndGlobalSection
EndGlobal
