
Microsoft Visual Studio Solution File, Format Version 12.00
# Visual Studio Version 16
VisualStudioVersion = 16.0.30717.126
MinimumVisualStudioVersion = 10.0.40219.1
Project("{FAE04EC0-301F-11D3-BF4B-00C04F79EFBC}") = "Scheduling", "Scheduling\Scheduling.csproj", "{6520D497-0ACD-44F0-994B-F0428701F23D}"
EndProject
Project("{FAE04EC0-301F-11D3-BF4B-00C04F79EFBC}") = "Garden", "Garden\Garden.csproj", "{A3E5CFBD-54C2-42ED-9D3E-57C404640EE2}"
EndProject
Global
	GlobalSection(SolutionConfigurationPlatforms) = preSolution
		Debug|Any CPU = Debug|Any CPU
		Release|Any CPU = Release|Any CPU
	EndGlobalSection
	GlobalSection(ProjectConfigurationPlatforms) = postSolution
		{6520D497-0ACD-44F0-994B-F0428701F23D}.Debug|Any CPU.ActiveCfg = Debug|Any CPU
		{6520D497-0ACD-44F0-994B-F0428701F23D}.Debug|Any CPU.Build.0 = Debug|Any CPU
		{6520D497-0ACD-44F0-994B-F0428701F23D}.Release|Any CPU.ActiveCfg = Release|Any CPU
		{6520D497-0ACD-44F0-994B-F0428701F23D}.Release|Any CPU.Build.0 = Release|Any CPU
		{A3E5CFBD-54C2-42ED-9D3E-57C404640EE2}.Debug|Any CPU.ActiveCfg = Debug|Any CPU
		{A3E5CFBD-54C2-42ED-9D3E-57C404640EE2}.Debug|Any CPU.Build.0 = Debug|Any CPU
		{A3E5CFBD-54C2-42ED-9D3E-57C404640EE2}.Release|Any CPU.ActiveCfg = Release|Any CPU
		{A3E5CFBD-54C2-42ED-9D3E-57C404640EE2}.Release|Any CPU.Build.0 = Release|Any CPU
	EndGlobalSection
	GlobalSection(SolutionProperties) = preSolution
		HideSolutionNode = FALSE
	EndGlobalSection
	GlobalSection(ExtensibilityGlobals) = postSolution
		SolutionGuid = {9AB1C78A-BE0A-4B74-9703-5E417CE8D800}
	EndGlobalSection
EndGlobal
