
Microsoft Visual Studio Solution File, Format Version 12.00
# Visual Studio Version 16
VisualStudioVersion = 16.0.30717.126
MinimumVisualStudioVersion = 10.0.40219.1
Project("{FAE04EC0-301F-11D3-BF4B-00C04F79EFBC}") = "06.09.Pokemon_Trainer", "06.09.Pokemon_Trainer\06.09.Pokemon_Trainer.csproj", "{F6B1EDD6-A5A5-4FCC-A169-8EE4AE3F3198}"
EndProject
Project("{9A19103F-16F7-4668-BE54-9A1E7A4F7556}") = "06.01.Define_a_Class_Person", "06.01.Define_a_Class_Person\06.01.Define_a_Class_Person.csproj", "{46BE7308-9BDA-484D-844E-BECC915DE0A2}"
EndProject
Project("{9A19103F-16F7-4668-BE54-9A1E7A4F7556}") = "06.02.Creating_Constructors", "06.02.Creating_Constructors\06.02.Creating_Constructors.csproj", "{6B4068B8-A81E-480B-8F2F-DA2FB6B5BE1E}"
EndProject
Project("{9A19103F-16F7-4668-BE54-9A1E7A4F7556}") = "06.03.Oldest_Family_Member", "06.03.Oldest_Family_Member\06.03.Oldest_Family_Member.csproj", "{9612CC44-CEAA-4F48-8516-5C7E03AD5FCA}"
EndProject
Project("{9A19103F-16F7-4668-BE54-9A1E7A4F7556}") = "06.04.Opinion_Poll", "06.04.Opinion_Poll\06.04.Opinion_Poll.csproj", "{E617E30F-ED58-4BAC-9E6E-F4C09E718D6C}"
EndProject
Project("{9A19103F-16F7-4668-BE54-9A1E7A4F7556}") = "06.05.Date_Modifier", "06.05.Date_Modifier\06.05.Date_Modifier.csproj", "{5BC6F243-D9CF-44F5-8034-F5E18DF80765}"
EndProject
Project("{9A19103F-16F7-4668-BE54-9A1E7A4F7556}") = "06.06.Speed_Racing", "06.06.Speed_Racing\06.06.Speed_Racing.csproj", "{44D8FBB5-3813-4C3A-B041-8A8C8512BDD1}"
EndProject
Project("{9A19103F-16F7-4668-BE54-9A1E7A4F7556}") = "06.07.Raw_Data", "06.07.Raw_Data\06.07.Raw_Data.csproj", "{D1A3A8D9-4B16-483E-BED7-1DEB24C987B3}"
EndProject
Project("{9A19103F-16F7-4668-BE54-9A1E7A4F7556}") = "06.08.Car_Salesman", "06.08.Car_Salesman\06.08.Car_Salesman.csproj", "{C385B215-1C26-45DF-AEB6-09AC5FA2A46E}"
EndProject
Project("{9A19103F-16F7-4668-BE54-9A1E7A4F7556}") = "SoftUniParking", "06.10.SoftUni_Parking\SoftUniParking.csproj", "{E4A3BEB4-FD67-4684-BB13-B393201D61C0}"
EndProject
Global
	GlobalSection(SolutionConfigurationPlatforms) = preSolution
		Debug|Any CPU = Debug|Any CPU
		Release|Any CPU = Release|Any CPU
	EndGlobalSection
	GlobalSection(ProjectConfigurationPlatforms) = postSolution
		{F6B1EDD6-A5A5-4FCC-A169-8EE4AE3F3198}.Debug|Any CPU.ActiveCfg = Debug|Any CPU
		{F6B1EDD6-A5A5-4FCC-A169-8EE4AE3F3198}.Debug|Any CPU.Build.0 = Debug|Any CPU
		{F6B1EDD6-A5A5-4FCC-A169-8EE4AE3F3198}.Release|Any CPU.ActiveCfg = Release|Any CPU
		{F6B1EDD6-A5A5-4FCC-A169-8EE4AE3F3198}.Release|Any CPU.Build.0 = Release|Any CPU
		{46BE7308-9BDA-484D-844E-BECC915DE0A2}.Debug|Any CPU.ActiveCfg = Debug|Any CPU
		{46BE7308-9BDA-484D-844E-BECC915DE0A2}.Debug|Any CPU.Build.0 = Debug|Any CPU
		{46BE7308-9BDA-484D-844E-BECC915DE0A2}.Release|Any CPU.ActiveCfg = Release|Any CPU
		{46BE7308-9BDA-484D-844E-BECC915DE0A2}.Release|Any CPU.Build.0 = Release|Any CPU
		{6B4068B8-A81E-480B-8F2F-DA2FB6B5BE1E}.Debug|Any CPU.ActiveCfg = Debug|Any CPU
		{6B4068B8-A81E-480B-8F2F-DA2FB6B5BE1E}.Debug|Any CPU.Build.0 = Debug|Any CPU
		{6B4068B8-A81E-480B-8F2F-DA2FB6B5BE1E}.Release|Any CPU.ActiveCfg = Release|Any CPU
		{6B4068B8-A81E-480B-8F2F-DA2FB6B5BE1E}.Release|Any CPU.Build.0 = Release|Any CPU
		{9612CC44-CEAA-4F48-8516-5C7E03AD5FCA}.Debug|Any CPU.ActiveCfg = Debug|Any CPU
		{9612CC44-CEAA-4F48-8516-5C7E03AD5FCA}.Debug|Any CPU.Build.0 = Debug|Any CPU
		{9612CC44-CEAA-4F48-8516-5C7E03AD5FCA}.Release|Any CPU.ActiveCfg = Release|Any CPU
		{9612CC44-CEAA-4F48-8516-5C7E03AD5FCA}.Release|Any CPU.Build.0 = Release|Any CPU
		{E617E30F-ED58-4BAC-9E6E-F4C09E718D6C}.Debug|Any CPU.ActiveCfg = Debug|Any CPU
		{E617E30F-ED58-4BAC-9E6E-F4C09E718D6C}.Debug|Any CPU.Build.0 = Debug|Any CPU
		{E617E30F-ED58-4BAC-9E6E-F4C09E718D6C}.Release|Any CPU.ActiveCfg = Release|Any CPU
		{E617E30F-ED58-4BAC-9E6E-F4C09E718D6C}.Release|Any CPU.Build.0 = Release|Any CPU
		{5BC6F243-D9CF-44F5-8034-F5E18DF80765}.Debug|Any CPU.ActiveCfg = Debug|Any CPU
		{5BC6F243-D9CF-44F5-8034-F5E18DF80765}.Debug|Any CPU.Build.0 = Debug|Any CPU
		{5BC6F243-D9CF-44F5-8034-F5E18DF80765}.Release|Any CPU.ActiveCfg = Release|Any CPU
		{5BC6F243-D9CF-44F5-8034-F5E18DF80765}.Release|Any CPU.Build.0 = Release|Any CPU
		{44D8FBB5-3813-4C3A-B041-8A8C8512BDD1}.Debug|Any CPU.ActiveCfg = Debug|Any CPU
		{44D8FBB5-3813-4C3A-B041-8A8C8512BDD1}.Debug|Any CPU.Build.0 = Debug|Any CPU
		{44D8FBB5-3813-4C3A-B041-8A8C8512BDD1}.Release|Any CPU.ActiveCfg = Release|Any CPU
		{44D8FBB5-3813-4C3A-B041-8A8C8512BDD1}.Release|Any CPU.Build.0 = Release|Any CPU
		{D1A3A8D9-4B16-483E-BED7-1DEB24C987B3}.Debug|Any CPU.ActiveCfg = Debug|Any CPU
		{D1A3A8D9-4B16-483E-BED7-1DEB24C987B3}.Debug|Any CPU.Build.0 = Debug|Any CPU
		{D1A3A8D9-4B16-483E-BED7-1DEB24C987B3}.Release|Any CPU.ActiveCfg = Release|Any CPU
		{D1A3A8D9-4B16-483E-BED7-1DEB24C987B3}.Release|Any CPU.Build.0 = Release|Any CPU
		{C385B215-1C26-45DF-AEB6-09AC5FA2A46E}.Debug|Any CPU.ActiveCfg = Debug|Any CPU
		{C385B215-1C26-45DF-AEB6-09AC5FA2A46E}.Debug|Any CPU.Build.0 = Debug|Any CPU
		{C385B215-1C26-45DF-AEB6-09AC5FA2A46E}.Release|Any CPU.ActiveCfg = Release|Any CPU
		{C385B215-1C26-45DF-AEB6-09AC5FA2A46E}.Release|Any CPU.Build.0 = Release|Any CPU
		{E4A3BEB4-FD67-4684-BB13-B393201D61C0}.Debug|Any CPU.ActiveCfg = Debug|Any CPU
		{E4A3BEB4-FD67-4684-BB13-B393201D61C0}.Debug|Any CPU.Build.0 = Debug|Any CPU
		{E4A3BEB4-FD67-4684-BB13-B393201D61C0}.Release|Any CPU.ActiveCfg = Release|Any CPU
		{E4A3BEB4-FD67-4684-BB13-B393201D61C0}.Release|Any CPU.Build.0 = Release|Any CPU
	EndGlobalSection
	GlobalSection(SolutionProperties) = preSolution
		HideSolutionNode = FALSE
	EndGlobalSection
	GlobalSection(ExtensibilityGlobals) = postSolution
		SolutionGuid = {3FAE5A5C-9DFC-4C32-A6AC-CEF7DD2165ED}
	EndGlobalSection
EndGlobal
