
Microsoft Visual Studio Solution File, Format Version 12.00
# Visual Studio Version 16
VisualStudioVersion = 16.0.30503.244
MinimumVisualStudioVersion = 10.0.40219.1
Project("{9A19103F-16F7-4668-BE54-9A1E7A4F7556}") = "04.01.DataTypes", "04.01.DataTypes\04.01.DataTypes.csproj", "{8ECC7983-8041-4338-B3FE-91C909B97527}"
EndProject
Project("{9A19103F-16F7-4668-BE54-9A1E7A4F7556}") = "04.02.CenterPoint", "04.01.CenterPoint\04.02.CenterPoint.csproj", "{2745C899-A53A-40A1-84A5-FD9BE7F462E8}"
EndProject
Project("{9A19103F-16F7-4668-BE54-9A1E7A4F7556}") = "04.03.LongerLine", "04.03.LongerLine\04.03.LongerLine.csproj", "{AE2E5130-CD2E-441F-8417-27C4F1EBCF2E}"
EndProject
Project("{FAE04EC0-301F-11D3-BF4B-00C04F79EFBC}") = "04.04.TribonacciSequence", "04.04.TribonacciSequence\04.04.TribonacciSequence.csproj", "{62CD6FD4-C9A2-422B-9CBE-70D4420B87B8}"
EndProject
Global
	GlobalSection(SolutionConfigurationPlatforms) = preSolution
		Debug|Any CPU = Debug|Any CPU
		Release|Any CPU = Release|Any CPU
	EndGlobalSection
	GlobalSection(ProjectConfigurationPlatforms) = postSolution
		{8ECC7983-8041-4338-B3FE-91C909B97527}.Debug|Any CPU.ActiveCfg = Debug|Any CPU
		{8ECC7983-8041-4338-B3FE-91C909B97527}.Debug|Any CPU.Build.0 = Debug|Any CPU
		{8ECC7983-8041-4338-B3FE-91C909B97527}.Release|Any CPU.ActiveCfg = Release|Any CPU
		{8ECC7983-8041-4338-B3FE-91C909B97527}.Release|Any CPU.Build.0 = Release|Any CPU
		{2745C899-A53A-40A1-84A5-FD9BE7F462E8}.Debug|Any CPU.ActiveCfg = Debug|Any CPU
		{2745C899-A53A-40A1-84A5-FD9BE7F462E8}.Debug|Any CPU.Build.0 = Debug|Any CPU
		{2745C899-A53A-40A1-84A5-FD9BE7F462E8}.Release|Any CPU.ActiveCfg = Release|Any CPU
		{2745C899-A53A-40A1-84A5-FD9BE7F462E8}.Release|Any CPU.Build.0 = Release|Any CPU
		{AE2E5130-CD2E-441F-8417-27C4F1EBCF2E}.Debug|Any CPU.ActiveCfg = Debug|Any CPU
		{AE2E5130-CD2E-441F-8417-27C4F1EBCF2E}.Debug|Any CPU.Build.0 = Debug|Any CPU
		{AE2E5130-CD2E-441F-8417-27C4F1EBCF2E}.Release|Any CPU.ActiveCfg = Release|Any CPU
		{AE2E5130-CD2E-441F-8417-27C4F1EBCF2E}.Release|Any CPU.Build.0 = Release|Any CPU
		{62CD6FD4-C9A2-422B-9CBE-70D4420B87B8}.Debug|Any CPU.ActiveCfg = Debug|Any CPU
		{62CD6FD4-C9A2-422B-9CBE-70D4420B87B8}.Debug|Any CPU.Build.0 = Debug|Any CPU
		{62CD6FD4-C9A2-422B-9CBE-70D4420B87B8}.Release|Any CPU.ActiveCfg = Release|Any CPU
		{62CD6FD4-C9A2-422B-9CBE-70D4420B87B8}.Release|Any CPU.Build.0 = Release|Any CPU
	EndGlobalSection
	GlobalSection(SolutionProperties) = preSolution
		HideSolutionNode = FALSE
	EndGlobalSection
	GlobalSection(ExtensibilityGlobals) = postSolution
		SolutionGuid = {301235C6-6479-4E75-AE11-ED557B254D57}
	EndGlobalSection
EndGlobal
