
Microsoft Visual Studio Solution File, Format Version 12.00
# Visual Studio Version 16
VisualStudioVersion = 16.0.30503.244
MinimumVisualStudioVersion = 10.0.40219.1
Project("{FAE04EC0-301F-11D3-BF4B-00C04F79EFBC}") = "06.01.AdvertisementMessage", "06.01.AdvertisementMessage\06.01.AdvertisementMessage.csproj", "{5FB8B748-AD0D-4F67-AA59-C898EA36FEDE}"
EndProject
Project("{FAE04EC0-301F-11D3-BF4B-00C04F79EFBC}") = "06.02.Articles", "06.02.Articles\06.02.Articles.csproj", "{A265E0B3-EF4B-4A12-A293-C03328875B80}"
EndProject
Project("{FAE04EC0-301F-11D3-BF4B-00C04F79EFBC}") = "06.03.Articles2.0", "06.03.Articles2.0\06.03.Articles2.0.csproj", "{D27DC74F-0703-4FF6-BC25-6F41BCCE7631}"
EndProject
Project("{FAE04EC0-301F-11D3-BF4B-00C04F79EFBC}") = "06.04.Students", "06.04.Students\06.04.Students.csproj", "{222A7ABB-5444-49C3-B2B8-A34ED74EDFD0}"
EndProject
Global
	GlobalSection(SolutionConfigurationPlatforms) = preSolution
		Debug|Any CPU = Debug|Any CPU
		Release|Any CPU = Release|Any CPU
	EndGlobalSection
	GlobalSection(ProjectConfigurationPlatforms) = postSolution
		{5FB8B748-AD0D-4F67-AA59-C898EA36FEDE}.Debug|Any CPU.ActiveCfg = Debug|Any CPU
		{5FB8B748-AD0D-4F67-AA59-C898EA36FEDE}.Debug|Any CPU.Build.0 = Debug|Any CPU
		{5FB8B748-AD0D-4F67-AA59-C898EA36FEDE}.Release|Any CPU.ActiveCfg = Release|Any CPU
		{5FB8B748-AD0D-4F67-AA59-C898EA36FEDE}.Release|Any CPU.Build.0 = Release|Any CPU
		{A265E0B3-EF4B-4A12-A293-C03328875B80}.Debug|Any CPU.ActiveCfg = Debug|Any CPU
		{A265E0B3-EF4B-4A12-A293-C03328875B80}.Debug|Any CPU.Build.0 = Debug|Any CPU
		{A265E0B3-EF4B-4A12-A293-C03328875B80}.Release|Any CPU.ActiveCfg = Release|Any CPU
		{A265E0B3-EF4B-4A12-A293-C03328875B80}.Release|Any CPU.Build.0 = Release|Any CPU
		{D27DC74F-0703-4FF6-BC25-6F41BCCE7631}.Debug|Any CPU.ActiveCfg = Debug|Any CPU
		{D27DC74F-0703-4FF6-BC25-6F41BCCE7631}.Debug|Any CPU.Build.0 = Debug|Any CPU
		{D27DC74F-0703-4FF6-BC25-6F41BCCE7631}.Release|Any CPU.ActiveCfg = Release|Any CPU
		{D27DC74F-0703-4FF6-BC25-6F41BCCE7631}.Release|Any CPU.Build.0 = Release|Any CPU
		{222A7ABB-5444-49C3-B2B8-A34ED74EDFD0}.Debug|Any CPU.ActiveCfg = Debug|Any CPU
		{222A7ABB-5444-49C3-B2B8-A34ED74EDFD0}.Debug|Any CPU.Build.0 = Debug|Any CPU
		{222A7ABB-5444-49C3-B2B8-A34ED74EDFD0}.Release|Any CPU.ActiveCfg = Release|Any CPU
		{222A7ABB-5444-49C3-B2B8-A34ED74EDFD0}.Release|Any CPU.Build.0 = Release|Any CPU
	EndGlobalSection
	GlobalSection(SolutionProperties) = preSolution
		HideSolutionNode = FALSE
	EndGlobalSection
	GlobalSection(ExtensibilityGlobals) = postSolution
		SolutionGuid = {613FB8A6-3869-4321-B091-B7C550E14AA1}
	EndGlobalSection
EndGlobal
