
Microsoft Visual Studio Solution File, Format Version 12.00
# Visual Studio Version 16
VisualStudioVersion = 16.0.30309.148
MinimumVisualStudioVersion = 10.0.40219.1
Project("{8BC9CEB8-8B4A-11D0-8D11-00A0C91BC942}") = "04.04.Resources", "04.04.Resources.vcxproj", "{603E645E-9649-45D2-8144-D83494980AEF}"
EndProject
Global
	GlobalSection(SolutionConfigurationPlatforms) = preSolution
		Debug|x64 = Debug|x64
		Debug|x86 = Debug|x86
		Release|x64 = Release|x64
		Release|x86 = Release|x86
	EndGlobalSection
	GlobalSection(ProjectConfigurationPlatforms) = postSolution
		{603E645E-9649-45D2-8144-D83494980AEF}.Debug|x64.ActiveCfg = Debug|x64
		{603E645E-9649-45D2-8144-D83494980AEF}.Debug|x64.Build.0 = Debug|x64
		{603E645E-9649-45D2-8144-D83494980AEF}.Debug|x86.ActiveCfg = Debug|Win32
		{603E645E-9649-45D2-8144-D83494980AEF}.Debug|x86.Build.0 = Debug|Win32
		{603E645E-9649-45D2-8144-D83494980AEF}.Release|x64.ActiveCfg = Release|x64
		{603E645E-9649-45D2-8144-D83494980AEF}.Release|x64.Build.0 = Release|x64
		{603E645E-9649-45D2-8144-D83494980AEF}.Release|x86.ActiveCfg = Release|Win32
		{603E645E-9649-45D2-8144-D83494980AEF}.Release|x86.Build.0 = Release|Win32
	EndGlobalSection
	GlobalSection(SolutionProperties) = preSolution
		HideSolutionNode = FALSE
	EndGlobalSection
	GlobalSection(ExtensibilityGlobals) = postSolution
		SolutionGuid = {0131C89D-0035-4122-9D99-3FB9F9A887CA}
	EndGlobalSection
EndGlobal
