
Microsoft Visual Studio Solution File, Format Version 12.00
# Visual Studio Version 16
VisualStudioVersion = 16.0.30011.22
MinimumVisualStudioVersion = 10.0.40219.1
Project("{8BC9CEB8-8B4A-11D0-8D11-00A0C91BC942}") = "03.SortPointers", "03.SortPointers.vcxproj", "{4DED3F33-88D4-4310-9303-A1B9EC08F25F}"
EndProject
Global
	GlobalSection(SolutionConfigurationPlatforms) = preSolution
		Debug|x64 = Debug|x64
		Debug|x86 = Debug|x86
		Release|x64 = Release|x64
		Release|x86 = Release|x86
	EndGlobalSection
	GlobalSection(ProjectConfigurationPlatforms) = postSolution
		{4DED3F33-88D4-4310-9303-A1B9EC08F25F}.Debug|x64.ActiveCfg = Debug|x64
		{4DED3F33-88D4-4310-9303-A1B9EC08F25F}.Debug|x64.Build.0 = Debug|x64
		{4DED3F33-88D4-4310-9303-A1B9EC08F25F}.Debug|x86.ActiveCfg = Debug|Win32
		{4DED3F33-88D4-4310-9303-A1B9EC08F25F}.Debug|x86.Build.0 = Debug|Win32
		{4DED3F33-88D4-4310-9303-A1B9EC08F25F}.Release|x64.ActiveCfg = Release|x64
		{4DED3F33-88D4-4310-9303-A1B9EC08F25F}.Release|x64.Build.0 = Release|x64
		{4DED3F33-88D4-4310-9303-A1B9EC08F25F}.Release|x86.ActiveCfg = Release|Win32
		{4DED3F33-88D4-4310-9303-A1B9EC08F25F}.Release|x86.Build.0 = Release|Win32
	EndGlobalSection
	GlobalSection(SolutionProperties) = preSolution
		HideSolutionNode = FALSE
	EndGlobalSection
	GlobalSection(ExtensibilityGlobals) = postSolution
		SolutionGuid = {84BACAD7-4DF4-4BA4-9E9E-3427AE01ED76}
	EndGlobalSection
EndGlobal
