
Microsoft Visual Studio Solution File, Format Version 12.00
# Visual Studio Version 16
VisualStudioVersion = 16.0.30011.22
MinimumVisualStudioVersion = 10.0.40219.1
Project("{8BC9CEB8-8B4A-11D0-8D11-00A0C91BC942}") = "Task.04.Profits", "Task.04.Profits.vcxproj", "{57B63B7C-EF62-4670-AF6C-ED623CD6C578}"
EndProject
Global
	GlobalSection(SolutionConfigurationPlatforms) = preSolution
		Debug|x64 = Debug|x64
		Debug|x86 = Debug|x86
		Release|x64 = Release|x64
		Release|x86 = Release|x86
	EndGlobalSection
	GlobalSection(ProjectConfigurationPlatforms) = postSolution
		{57B63B7C-EF62-4670-AF6C-ED623CD6C578}.Debug|x64.ActiveCfg = Debug|x64
		{57B63B7C-EF62-4670-AF6C-ED623CD6C578}.Debug|x64.Build.0 = Debug|x64
		{57B63B7C-EF62-4670-AF6C-ED623CD6C578}.Debug|x86.ActiveCfg = Debug|Win32
		{57B63B7C-EF62-4670-AF6C-ED623CD6C578}.Debug|x86.Build.0 = Debug|Win32
		{57B63B7C-EF62-4670-AF6C-ED623CD6C578}.Release|x64.ActiveCfg = Release|x64
		{57B63B7C-EF62-4670-AF6C-ED623CD6C578}.Release|x64.Build.0 = Release|x64
		{57B63B7C-EF62-4670-AF6C-ED623CD6C578}.Release|x86.ActiveCfg = Release|Win32
		{57B63B7C-EF62-4670-AF6C-ED623CD6C578}.Release|x86.Build.0 = Release|Win32
	EndGlobalSection
	GlobalSection(SolutionProperties) = preSolution
		HideSolutionNode = FALSE
	EndGlobalSection
	GlobalSection(ExtensibilityGlobals) = postSolution
		SolutionGuid = {35883257-408B-4C5A-BDDD-DB14EF3F16BF}
	EndGlobalSection
EndGlobal
