
Microsoft Visual Studio Solution File, Format Version 12.00
# Visual Studio Version 16
VisualStudioVersion = 16.0.30611.23
MinimumVisualStudioVersion = 10.0.40219.1
Project("{9A19103F-16F7-4668-BE54-9A1E7A4F7556}") = "06.07.StoreBoxes", "06.07.StoreBoxes\06.07.StoreBoxes.csproj", "{88BEC46D-30B7-4728-B3FB-3AEED020D611}"
EndProject
Project("{FAE04EC0-301F-11D3-BF4B-00C04F79EFBC}") = "06.08.VehicleCatalog", "06.08.VehicleCatalog\06.08.VehicleCatalog.csproj", "{DFE5DCFE-83E8-4A39-9BBE-1FFCF0D58E9E}"
EndProject
Global
	GlobalSection(SolutionConfigurationPlatforms) = preSolution
		Debug|Any CPU = Debug|Any CPU
		Release|Any CPU = Release|Any CPU
	EndGlobalSection
	GlobalSection(ProjectConfigurationPlatforms) = postSolution
		{88BEC46D-30B7-4728-B3FB-3AEED020D611}.Debug|Any CPU.ActiveCfg = Debug|Any CPU
		{88BEC46D-30B7-4728-B3FB-3AEED020D611}.Debug|Any CPU.Build.0 = Debug|Any CPU
		{88BEC46D-30B7-4728-B3FB-3AEED020D611}.Release|Any CPU.ActiveCfg = Release|Any CPU
		{88BEC46D-30B7-4728-B3FB-3AEED020D611}.Release|Any CPU.Build.0 = Release|Any CPU
		{DFE5DCFE-83E8-4A39-9BBE-1FFCF0D58E9E}.Debug|Any CPU.ActiveCfg = Debug|Any CPU
		{DFE5DCFE-83E8-4A39-9BBE-1FFCF0D58E9E}.Debug|Any CPU.Build.0 = Debug|Any CPU
		{DFE5DCFE-83E8-4A39-9BBE-1FFCF0D58E9E}.Release|Any CPU.ActiveCfg = Release|Any CPU
		{DFE5DCFE-83E8-4A39-9BBE-1FFCF0D58E9E}.Release|Any CPU.Build.0 = Release|Any CPU
	EndGlobalSection
	GlobalSection(SolutionProperties) = preSolution
		HideSolutionNode = FALSE
	EndGlobalSection
	GlobalSection(ExtensibilityGlobals) = postSolution
		SolutionGuid = {54C6FBD0-42BC-448E-9583-AE3257581E28}
	EndGlobalSection
EndGlobal
