
Microsoft Visual Studio Solution File, Format Version 12.00
# Visual Studio Version 16
VisualStudioVersion = 16.0.30717.126
MinimumVisualStudioVersion = 10.0.40219.1
Project("{9A19103F-16F7-4668-BE54-9A1E7A4F7556}") = "01. Custom_Doubly_Linked_List", "01. Custom_Doubly_Linked_List\01. Custom_Doubly_Linked_List.csproj", "{B4F3C094-6099-46E9-9969-61F5329D4E66}"
EndProject
Project("{9A19103F-16F7-4668-BE54-9A1E7A4F7556}") = "02.CustomStructures", "02.CustomStructures\02.CustomStructures.csproj", "{CE8530DD-127C-44E1-8F1E-E943F07413F1}"
EndProject
Global
	GlobalSection(SolutionConfigurationPlatforms) = preSolution
		Debug|Any CPU = Debug|Any CPU
		Release|Any CPU = Release|Any CPU
	EndGlobalSection
	GlobalSection(ProjectConfigurationPlatforms) = postSolution
		{B4F3C094-6099-46E9-9969-61F5329D4E66}.Debug|Any CPU.ActiveCfg = Debug|Any CPU
		{B4F3C094-6099-46E9-9969-61F5329D4E66}.Debug|Any CPU.Build.0 = Debug|Any CPU
		{B4F3C094-6099-46E9-9969-61F5329D4E66}.Release|Any CPU.ActiveCfg = Release|Any CPU
		{B4F3C094-6099-46E9-9969-61F5329D4E66}.Release|Any CPU.Build.0 = Release|Any CPU
		{CE8530DD-127C-44E1-8F1E-E943F07413F1}.Debug|Any CPU.ActiveCfg = Debug|Any CPU
		{CE8530DD-127C-44E1-8F1E-E943F07413F1}.Debug|Any CPU.Build.0 = Debug|Any CPU
		{CE8530DD-127C-44E1-8F1E-E943F07413F1}.Release|Any CPU.ActiveCfg = Release|Any CPU
		{CE8530DD-127C-44E1-8F1E-E943F07413F1}.Release|Any CPU.Build.0 = Release|Any CPU
	EndGlobalSection
	GlobalSection(SolutionProperties) = preSolution
		HideSolutionNode = FALSE
	EndGlobalSection
	GlobalSection(ExtensibilityGlobals) = postSolution
		SolutionGuid = {976BEBF8-BD4C-4093-B582-4E6E00EAD477}
	EndGlobalSection
EndGlobal
