
Microsoft Visual Studio Solution File, Format Version 12.00
# Visual Studio Version 16
VisualStudioVersion = 16.0.30503.244
MinimumVisualStudioVersion = 10.0.40219.1
Project("{FAE04EC0-301F-11D3-BF4B-00C04F79EFBC}") = "01.01.SortNumbers", "01.01.SortNumbers\01.01.SortNumbers.csproj", "{A118233F-4C3D-4A58-85ED-0C687A6B5E99}"
EndProject
Project("{FAE04EC0-301F-11D3-BF4B-00C04F79EFBC}") = "01.02.EnglishName", "01.02.EnglishName\01.02.EnglishName.csproj", "{F7AB50E2-C4D4-4733-9DC1-DAA5936472B7}"
EndProject
Project("{FAE04EC0-301F-11D3-BF4B-00C04F79EFBC}") = "01.03.GamingStore", "01.03.GamingStore\01.03.GamingStore.csproj", "{D9AB0609-369F-4294-98F7-9C65ECAF4827}"
EndProject
Project("{FAE04EC0-301F-11D3-BF4B-00C04F79EFBC}") = "01.05.Messages", "01.05.Messages\01.05.Messages.csproj", "{0A5D56CE-16EF-4B87-B31F-D9DAD1C6DE32}"
EndProject
Global
	GlobalSection(SolutionConfigurationPlatforms) = preSolution
		Debug|Any CPU = Debug|Any CPU
		Release|Any CPU = Release|Any CPU
	EndGlobalSection
	GlobalSection(ProjectConfigurationPlatforms) = postSolution
		{A118233F-4C3D-4A58-85ED-0C687A6B5E99}.Debug|Any CPU.ActiveCfg = Debug|Any CPU
		{A118233F-4C3D-4A58-85ED-0C687A6B5E99}.Debug|Any CPU.Build.0 = Debug|Any CPU
		{A118233F-4C3D-4A58-85ED-0C687A6B5E99}.Release|Any CPU.ActiveCfg = Release|Any CPU
		{A118233F-4C3D-4A58-85ED-0C687A6B5E99}.Release|Any CPU.Build.0 = Release|Any CPU
		{F7AB50E2-C4D4-4733-9DC1-DAA5936472B7}.Debug|Any CPU.ActiveCfg = Debug|Any CPU
		{F7AB50E2-C4D4-4733-9DC1-DAA5936472B7}.Debug|Any CPU.Build.0 = Debug|Any CPU
		{F7AB50E2-C4D4-4733-9DC1-DAA5936472B7}.Release|Any CPU.ActiveCfg = Release|Any CPU
		{F7AB50E2-C4D4-4733-9DC1-DAA5936472B7}.Release|Any CPU.Build.0 = Release|Any CPU
		{D9AB0609-369F-4294-98F7-9C65ECAF4827}.Debug|Any CPU.ActiveCfg = Debug|Any CPU
		{D9AB0609-369F-4294-98F7-9C65ECAF4827}.Debug|Any CPU.Build.0 = Debug|Any CPU
		{D9AB0609-369F-4294-98F7-9C65ECAF4827}.Release|Any CPU.ActiveCfg = Release|Any CPU
		{D9AB0609-369F-4294-98F7-9C65ECAF4827}.Release|Any CPU.Build.0 = Release|Any CPU
		{0A5D56CE-16EF-4B87-B31F-D9DAD1C6DE32}.Debug|Any CPU.ActiveCfg = Debug|Any CPU
		{0A5D56CE-16EF-4B87-B31F-D9DAD1C6DE32}.Debug|Any CPU.Build.0 = Debug|Any CPU
		{0A5D56CE-16EF-4B87-B31F-D9DAD1C6DE32}.Release|Any CPU.ActiveCfg = Release|Any CPU
		{0A5D56CE-16EF-4B87-B31F-D9DAD1C6DE32}.Release|Any CPU.Build.0 = Release|Any CPU
	EndGlobalSection
	GlobalSection(SolutionProperties) = preSolution
		HideSolutionNode = FALSE
	EndGlobalSection
	GlobalSection(ExtensibilityGlobals) = postSolution
		SolutionGuid = {F3C7C18B-6C04-4C32-9A99-1A3A7C7FC34A}
	EndGlobalSection
EndGlobal
