
Microsoft Visual Studio Solution File, Format Version 12.00
# Visual Studio Version 16
VisualStudioVersion = 16.0.30503.244
MinimumVisualStudioVersion = 10.0.40219.1
Project("{FAE04EC0-301F-11D3-BF4B-00C04F79EFBC}") = "03.01.EncryptArray", "03.01.EncryptArray\03.01.EncryptArray.csproj", "{7698488E-5454-4714-B61D-357F9377653C}"
EndProject
Project("{FAE04EC0-301F-11D3-BF4B-00C04F79EFBC}") = "03.02.PascalTriangle", "03.02.PascalTriangle\03.02.PascalTriangle.csproj", "{ABDA1C58-B388-47B3-8E41-21C3A36BB6E4}"
EndProject
Project("{FAE04EC0-301F-11D3-BF4B-00C04F79EFBC}") = "03.03.Fibonacci", "03.03.Fibonacci\03.03.Fibonacci.csproj", "{3C2E6BE8-0B65-46C7-9581-57CB41F5960D}"
EndProject
Project("{FAE04EC0-301F-11D3-BF4B-00C04F79EFBC}") = "03.04.FoldandSum", "03.04.FoldandSum\03.04.FoldandSum.csproj", "{565F7947-F0F5-4C76-AC5D-FC37FF7B041B}"
EndProject
Project("{FAE04EC0-301F-11D3-BF4B-00C04F79EFBC}") = "03.05.LongestSubsequence", "03.05.LongestSubsequence\03.05.LongestSubsequence.csproj", "{A8277F6C-7139-4A38-846A-53F7C0D16011}"
EndProject
Global
	GlobalSection(SolutionConfigurationPlatforms) = preSolution
		Debug|Any CPU = Debug|Any CPU
		Release|Any CPU = Release|Any CPU
	EndGlobalSection
	GlobalSection(ProjectConfigurationPlatforms) = postSolution
		{7698488E-5454-4714-B61D-357F9377653C}.Debug|Any CPU.ActiveCfg = Debug|Any CPU
		{7698488E-5454-4714-B61D-357F9377653C}.Debug|Any CPU.Build.0 = Debug|Any CPU
		{7698488E-5454-4714-B61D-357F9377653C}.Release|Any CPU.ActiveCfg = Release|Any CPU
		{7698488E-5454-4714-B61D-357F9377653C}.Release|Any CPU.Build.0 = Release|Any CPU
		{ABDA1C58-B388-47B3-8E41-21C3A36BB6E4}.Debug|Any CPU.ActiveCfg = Debug|Any CPU
		{ABDA1C58-B388-47B3-8E41-21C3A36BB6E4}.Debug|Any CPU.Build.0 = Debug|Any CPU
		{ABDA1C58-B388-47B3-8E41-21C3A36BB6E4}.Release|Any CPU.ActiveCfg = Release|Any CPU
		{ABDA1C58-B388-47B3-8E41-21C3A36BB6E4}.Release|Any CPU.Build.0 = Release|Any CPU
		{3C2E6BE8-0B65-46C7-9581-57CB41F5960D}.Debug|Any CPU.ActiveCfg = Debug|Any CPU
		{3C2E6BE8-0B65-46C7-9581-57CB41F5960D}.Debug|Any CPU.Build.0 = Debug|Any CPU
		{3C2E6BE8-0B65-46C7-9581-57CB41F5960D}.Release|Any CPU.ActiveCfg = Release|Any CPU
		{3C2E6BE8-0B65-46C7-9581-57CB41F5960D}.Release|Any CPU.Build.0 = Release|Any CPU
		{565F7947-F0F5-4C76-AC5D-FC37FF7B041B}.Debug|Any CPU.ActiveCfg = Debug|Any CPU
		{565F7947-F0F5-4C76-AC5D-FC37FF7B041B}.Debug|Any CPU.Build.0 = Debug|Any CPU
		{565F7947-F0F5-4C76-AC5D-FC37FF7B041B}.Release|Any CPU.ActiveCfg = Release|Any CPU
		{565F7947-F0F5-4C76-AC5D-FC37FF7B041B}.Release|Any CPU.Build.0 = Release|Any CPU
		{A8277F6C-7139-4A38-846A-53F7C0D16011}.Debug|Any CPU.ActiveCfg = Debug|Any CPU
		{A8277F6C-7139-4A38-846A-53F7C0D16011}.Debug|Any CPU.Build.0 = Debug|Any CPU
		{A8277F6C-7139-4A38-846A-53F7C0D16011}.Release|Any CPU.ActiveCfg = Release|Any CPU
		{A8277F6C-7139-4A38-846A-53F7C0D16011}.Release|Any CPU.Build.0 = Release|Any CPU
	EndGlobalSection
	GlobalSection(SolutionProperties) = preSolution
		HideSolutionNode = FALSE
	EndGlobalSection
	GlobalSection(ExtensibilityGlobals) = postSolution
		SolutionGuid = {8D981E7A-1E90-4C36-8430-BEF59D144E08}
	EndGlobalSection
EndGlobal
