
Microsoft Visual Studio Solution File, Format Version 12.00
# Visual Studio Version 16
VisualStudioVersion = 16.0.30611.23
MinimumVisualStudioVersion = 10.0.40219.1
Project("{9A19103F-16F7-4668-BE54-9A1E7A4F7556}") = "01.Bakery", "01.Bakery\01.Bakery.csproj", "{888E6B9B-EA6A-4151-954E-6A513AEBC1F2}"
EndProject
Project("{9A19103F-16F7-4668-BE54-9A1E7A4F7556}") = "02.Crafting", "02.Crafting\02.Crafting.csproj", "{7FB497AE-2D65-4FA1-9B39-9E6257CC9B5C}"
EndProject
Project("{FAE04EC0-301F-11D3-BF4B-00C04F79EFBC}") = "03.AngryPet", "03.AngryPet\03.AngryPet.csproj", "{BF8E289A-8DD1-4D22-AAAA-11103721CFF8}"
EndProject
Global
	GlobalSection(SolutionConfigurationPlatforms) = preSolution
		Debug|Any CPU = Debug|Any CPU
		Release|Any CPU = Release|Any CPU
	EndGlobalSection
	GlobalSection(ProjectConfigurationPlatforms) = postSolution
		{888E6B9B-EA6A-4151-954E-6A513AEBC1F2}.Debug|Any CPU.ActiveCfg = Debug|Any CPU
		{888E6B9B-EA6A-4151-954E-6A513AEBC1F2}.Debug|Any CPU.Build.0 = Debug|Any CPU
		{888E6B9B-EA6A-4151-954E-6A513AEBC1F2}.Release|Any CPU.ActiveCfg = Release|Any CPU
		{888E6B9B-EA6A-4151-954E-6A513AEBC1F2}.Release|Any CPU.Build.0 = Release|Any CPU
		{7FB497AE-2D65-4FA1-9B39-9E6257CC9B5C}.Debug|Any CPU.ActiveCfg = Debug|Any CPU
		{7FB497AE-2D65-4FA1-9B39-9E6257CC9B5C}.Debug|Any CPU.Build.0 = Debug|Any CPU
		{7FB497AE-2D65-4FA1-9B39-9E6257CC9B5C}.Release|Any CPU.ActiveCfg = Release|Any CPU
		{7FB497AE-2D65-4FA1-9B39-9E6257CC9B5C}.Release|Any CPU.Build.0 = Release|Any CPU
		{BF8E289A-8DD1-4D22-AAAA-11103721CFF8}.Debug|Any CPU.ActiveCfg = Debug|Any CPU
		{BF8E289A-8DD1-4D22-AAAA-11103721CFF8}.Debug|Any CPU.Build.0 = Debug|Any CPU
		{BF8E289A-8DD1-4D22-AAAA-11103721CFF8}.Release|Any CPU.ActiveCfg = Release|Any CPU
		{BF8E289A-8DD1-4D22-AAAA-11103721CFF8}.Release|Any CPU.Build.0 = Release|Any CPU
	EndGlobalSection
	GlobalSection(SolutionProperties) = preSolution
		HideSolutionNode = FALSE
	EndGlobalSection
	GlobalSection(ExtensibilityGlobals) = postSolution
		SolutionGuid = {0E7A9845-43B7-417A-9ECF-680505F145D1}
	EndGlobalSection
EndGlobal
