
Microsoft Visual Studio Solution File, Format Version 12.00
# Visual Studio Version 16
VisualStudioVersion = 16.0.30309.148
MinimumVisualStudioVersion = 10.0.40219.1
Project("{8BC9CEB8-8B4A-11D0-8D11-00A0C91BC942}") = "04.05.Lectures", "04.05.Lectures.vcxproj", "{66714D09-751C-4293-B422-77351974BA2E}"
EndProject
Global
	GlobalSection(SolutionConfigurationPlatforms) = preSolution
		Debug|x64 = Debug|x64
		Debug|x86 = Debug|x86
		Release|x64 = Release|x64
		Release|x86 = Release|x86
	EndGlobalSection
	GlobalSection(ProjectConfigurationPlatforms) = postSolution
		{66714D09-751C-4293-B422-77351974BA2E}.Debug|x64.ActiveCfg = Debug|x64
		{66714D09-751C-4293-B422-77351974BA2E}.Debug|x64.Build.0 = Debug|x64
		{66714D09-751C-4293-B422-77351974BA2E}.Debug|x86.ActiveCfg = Debug|Win32
		{66714D09-751C-4293-B422-77351974BA2E}.Debug|x86.Build.0 = Debug|Win32
		{66714D09-751C-4293-B422-77351974BA2E}.Release|x64.ActiveCfg = Release|x64
		{66714D09-751C-4293-B422-77351974BA2E}.Release|x64.Build.0 = Release|x64
		{66714D09-751C-4293-B422-77351974BA2E}.Release|x86.ActiveCfg = Release|Win32
		{66714D09-751C-4293-B422-77351974BA2E}.Release|x86.Build.0 = Release|Win32
	EndGlobalSection
	GlobalSection(SolutionProperties) = preSolution
		HideSolutionNode = FALSE
	EndGlobalSection
	GlobalSection(ExtensibilityGlobals) = postSolution
		SolutionGuid = {4D9122DD-623F-44A5-A48F-106692CC53A8}
	EndGlobalSection
EndGlobal
